
Microsoft Visual Studio Solution File, Format Version 12.00
# Visual Studio Version 17
VisualStudioVersion = 17.6.33829.357
MinimumVisualStudioVersion = 10.0.40219.1
Project("{FAE04EC0-301F-11D3-BF4B-00C04F79EFBC}") = "NExplorer", "NExplorer\NExplorer.csproj", "{67AC7E4E-C6A5-42C6-80AE-6B3888430473}"
EndProject
Global
	GlobalSection(SolutionConfigurationPlatforms) = preSolution
		Debug|Any CPU = Debug|Any CPU
		Release|Any CPU = Release|Any CPU
	EndGlobalSection
	GlobalSection(ProjectConfigurationPlatforms) = postSolution
		{67AC7E4E-C6A5-42C6-80AE-6B3888430473}.Debug|Any CPU.ActiveCfg = Debug|Any CPU
		{67AC7E4E-C6A5-42C6-80AE-6B3888430473}.Debug|Any CPU.Build.0 = Debug|Any CPU
		{67AC7E4E-C6A5-42C6-80AE-6B3888430473}.Release|Any CPU.ActiveCfg = Release|Any CPU
		{67AC7E4E-C6A5-42C6-80AE-6B3888430473}.Release|Any CPU.Build.0 = Release|Any CPU
	EndGlobalSection
	GlobalSection(SolutionProperties) = preSolution
		HideSolutionNode = FALSE
	EndGlobalSection
	GlobalSection(ExtensibilityGlobals) = postSolution
		SolutionGuid = {F72E86B3-C1E9-43A8-85F1-085626DE0B61}
	EndGlobalSection
EndGlobal
